{
  "name": "terminal",
  "version": "1.0.0",
  "lockfileVersion": 3,
  "requires": true,
  "packages": {
    "": {
      "name": "terminal",
      "version": "1.0.0",
      "license": "ISC",
      "dependencies": {
        "@oh-my-pi/pi-tui": "^17.2.13"
      }
    },
    "node_modules/@oh-my-pi/pi-natives": {
      "version": "17.2.13",
      "resolved": "https://registry.npmjs.org/@oh-my-pi/pi-natives/-/pi-natives-17.2.13.tgz",
      "integrity": "sha512-OQyTErJJsZF19aIw42LTXv2VTV7HLsj2TPS5N5WEc35Z2Upcrr11d4O/XTnS6qWnT66cZ/jBDUnijfpPz5k2ug==",
      "license": "MIT",
      "engines": {
        "bun": ">=1.3.14"
      },
      "optionalDependencies": {
        "@oh-my-pi/pi-natives-darwin-arm64": "17.2.13",
        "@oh-my-pi/pi-natives-darwin-x64": "17.2.13",
        "@oh-my-pi/pi-natives-linux-arm64": "17.2.13",
        "@oh-my-pi/pi-natives-linux-x64": "17.2.13",
        "@oh-my-pi/pi-natives-win32-x64": "17.2.13"
      }
    },
    "node_modules/@oh-my-pi/pi-natives-darwin-arm64": {
      "version": "17.2.13",
      "resolved": "https://registry.npmjs.org/@oh-my-pi/pi-natives-darwin-arm64/-/pi-natives-darwin-arm64-17.2.13.tgz",
      "integrity": "sha512-cwbfkpnnPvGIq3miiGgF2X4/XVNkoXuqclQpUwmtNfOyvOO5UrWBxJS3Ho4Mu5kXCASYmEpdZJ7et7tPckfy6w==",
      "cpu": [
        "arm64"
      ],
      "license": "MIT",
      "optional": true,
      "os": [
        "darwin"
      ],
      "engines": {
        "bun": ">=1.3.14"
      }
    },
    "node_modules/@oh-my-pi/pi-natives-darwin-x64": {
      "version": "17.2.13",
      "resolved": "https://registry.npmjs.org/@oh-my-pi/pi-natives-darwin-x64/-/pi-natives-darwin-x64-17.2.13.tgz",
      "integrity": "sha512-pl1R+43V5FYPXdSNd2L0VIQbFZt3VIOBpBCADUpf4BoVvcZBXSIxEwHwZH4w5UoyWgG+O9I9kJkGV1oeA3Ozcw==",
      "cpu": [
        "x64"
      ],
      "license": "MIT",
      "optional": true,
      "os": [
        "darwin"
      ],
      "engines": {
        "bun": ">=1.3.14"
      }
    },
    "node_modules/@oh-my-pi/pi-natives-linux-arm64": {
      "version": "17.2.13",
      "resolved": "https://registry.npmjs.org/@oh-my-pi/pi-natives-linux-arm64/-/pi-natives-linux-arm64-17.2.13.tgz",
      "integrity": "sha512-2h81ifRYzlLJ6iySdfOtsakpIVbFvviBTCv9iCPI/ia5ung8H+YRbs3+e0FjEVss9TUAE1bvoeSo4rT57AwR2w==",
      "cpu": [
        "arm64"
      ],
      "license": "MIT",
      "optional": true,
      "os": [
        "linux"
      ],
      "engines": {
        "bun": ">=1.3.14"
      }
    },
    "node_modules/@oh-my-pi/pi-natives-linux-x64": {
      "version": "17.2.13",
      "resolved": "https://registry.npmjs.org/@oh-my-pi/pi-natives-linux-x64/-/pi-natives-linux-x64-17.2.13.tgz",
      "integrity": "sha512-Fx7jGK+R9Ofp49ObrODMKfVtUsqDvg2CstiHfFERmvSyjWQpUsu+drEygM8gCZOBTPsZ86Jedd8xSSpEDzs3uQ==",
      "cpu": [
        "x64"
      ],
      "license": "MIT",
      "optional": true,
      "os": [
        "linux"
      ],
      "engines": {
        "bun": ">=1.3.14"
      }
    },
    "node_modules/@oh-my-pi/pi-natives-win32-x64": {
      "version": "17.2.13",
      "resolved": "https://registry.npmjs.org/@oh-my-pi/pi-natives-win32-x64/-/pi-natives-win32-x64-17.2.13.tgz",
      "integrity": "sha512-x3vfRnbFL7+M98eJH+scrxx4dOVG4yeZ0GVHSHmuKT1HX+GUEGnkJdzNQsjJtLR+uQTJdk+SSZQ2YSe/WjmtHQ==",
      "cpu": [
        "x64"
      ],
      "license": "MIT",
      "optional": true,
      "os": [
        "win32"
      ],
      "engines": {
        "bun": ">=1.3.14"
      }
    },
    "node_modules/@oh-my-pi/pi-tui": {
      "version": "17.2.13",
      "resolved": "https://registry.npmjs.org/@oh-my-pi/pi-tui/-/pi-tui-17.2.13.tgz",
      "integrity": "sha512-Qut9PDTGWSKqalwF2WrxMtFDnZ67leaLU0rHW6EBcc7rCqnfiZb4go+4ZSoE8+3B4otndhVGUtp0ArzGr2bp/Q==",
      "license": "MIT",
      "dependencies": {
        "@oh-my-pi/pi-natives": "17.2.13",
        "@oh-my-pi/pi-utils": "17.2.13"
      },
      "engines": {
        "bun": ">=1.3.14"
      }
    },
    "node_modules/@oh-my-pi/pi-utils": {
      "version": "17.2.13",
      "resolved": "https://registry.npmjs.org/@oh-my-pi/pi-utils/-/pi-utils-17.2.13.tgz",
      "integrity": "sha512-/yirg8YW7nmHNjpCJGN9PIHbv4qoHn5vcF/OQon3V3H3KVMY4wUXuxVTzoGNQaaF8jFUTU57Z/sI9AcfpfVMCQ==",
      "license": "MIT",
      "dependencies": {
        "@oh-my-pi/pi-natives": "17.2.13"
      },
      "engines": {
        "bun": ">=1.3.14"
      }
    }
  }
}
